{
  "name": "sample-app",
  "version": "0.0.1",
  "lockfileVersion": 2,
  "requires": true,
  "packages": {
    "": {
      "version": "0.0.1",
      "license": "MIT",
      "dependencies": {
        "@stencil/sass": "^1.4.0"
      },
      "devDependencies": {
        "@ionic/core": "^5.3.2",
        "@stencil/core": "^2.0.1"
      }
    },
    "node_modules/@ionic/core": {
      "version": "5.5.1",
      "resolved": "https://registry.npmjs.org/@ionic/core/-/core-5.5.1.tgz",
      "integrity": "sha512-ytsweRqFeupuVzMJydjh0w0RMjlI+GkHwXQ5SwVuto+cRxA9aKPkcxELzOWYRto3E00jbXFBThGhoL+jNUsK7g==",
      "dev": true,
      "dependencies": {
        "ionicons": "^5.1.2",
        "tslib": "^1.10.0"
      }
    },
    "node_modules/@stencil/core": {
      "version": "2.3.0",
      "resolved": "https://registry.npmjs.org/@stencil/core/-/core-2.3.0.tgz",
      "integrity": "sha512-VZ/Ox0E1kngcmHbJhHUufuLELi+xG3of3LuRI3X2AMWyE82JUVYlOEsQci/YBZWpfc9BS9I36R88prBew22oew==",
      "bin": {
        "stencil": "bin/stencil"
      },
      "engines": {
        "node": ">=12.10.0",
        "npm": ">=6.0.0"
      }
    },
    "node_modules/@stencil/sass": {
      "version": "1.4.0",
      "resolved": "https://registry.npmjs.org/@stencil/sass/-/sass-1.4.0.tgz",
      "integrity": "sha512-UFYuaM8zFvdqnBi7DN5urzCjNOtW3VBrnvfTze7vRY5zUz9catNiaguJI3yCYil6t/WThgAdPCpaTNWV+R+TcA==",
      "peerDependencies": {
        "@stencil/core": ">=1.0.2"
      }
    },
    "node_modules/ionicons": {
      "version": "5.2.3",
      "resolved": "https://registry.npmjs.org/ionicons/-/ionicons-5.2.3.tgz",
      "integrity": "sha512-87qtgBkieKVFagwYA9Cf91B3PCahQbEOMwMt8bSvlQSgflZ4eE5qI4MGj2ZlIyadeX0dgo+0CzZsy3ow0CsBAg==",
      "dev": true
    },
    "node_modules/tslib": {
      "version": "1.14.1",
      "resolved": "https://registry.npmjs.org/tslib/-/tslib-1.14.1.tgz",
      "integrity": "sha512-Xni35NKzjgMrwevysHTCArtLDpPvye8zV/0E4EyYn43P7/7qvQwPh9BGkHewbMulVntbigmcT7rdX3BNo9wRJg==",
      "dev": true
    }
  },
  "dependencies": {
    "@ionic/core": {
      "version": "5.5.1",
      "resolved": "https://registry.npmjs.org/@ionic/core/-/core-5.5.1.tgz",
      "integrity": "sha512-ytsweRqFeupuVzMJydjh0w0RMjlI+GkHwXQ5SwVuto+cRxA9aKPkcxELzOWYRto3E00jbXFBThGhoL+jNUsK7g==",
      "dev": true,
      "requires": {
        "ionicons": "^5.1.2",
        "tslib": "^1.10.0"
      }
    },
    "@stencil/core": {
      "version": "2.3.0",
      "resolved": "https://registry.npmjs.org/@stencil/core/-/core-2.3.0.tgz",
      "integrity": "sha512-VZ/Ox0E1kngcmHbJhHUufuLELi+xG3of3LuRI3X2AMWyE82JUVYlOEsQci/YBZWpfc9BS9I36R88prBew22oew=="
    },
    "@stencil/sass": {
      "version": "1.4.0",
      "resolved": "https://registry.npmjs.org/@stencil/sass/-/sass-1.4.0.tgz",
      "integrity": "sha512-UFYuaM8zFvdqnBi7DN5urzCjNOtW3VBrnvfTze7vRY5zUz9catNiaguJI3yCYil6t/WThgAdPCpaTNWV+R+TcA==",
      "requires": {}
    },
    "ionicons": {
      "version": "5.2.3",
      "resolved": "https://registry.npmjs.org/ionicons/-/ionicons-5.2.3.tgz",
      "integrity": "sha512-87qtgBkieKVFagwYA9Cf91B3PCahQbEOMwMt8bSvlQSgflZ4eE5qI4MGj2ZlIyadeX0dgo+0CzZsy3ow0CsBAg==",
      "dev": true
    },
    "tslib": {
      "version": "1.14.1",
      "resolved": "https://registry.npmjs.org/tslib/-/tslib-1.14.1.tgz",
      "integrity": "sha512-Xni35NKzjgMrwevysHTCArtLDpPvye8zV/0E4EyYn43P7/7qvQwPh9BGkHewbMulVntbigmcT7rdX3BNo9wRJg==",
      "dev": true
    }
  }
}
